
Microsoft Visual Studio Solution File, Format Version 12.00
# Visual Studio Version 16
VisualStudioVersion = 16.0.29215.179
MinimumVisualStudioVersion = 10.0.40219.1
Project("{FAE04EC0-301F-11D3-BF4B-00C04F79EFBC}") = "LocalizadorWeb", "LocalizadorWeb\LocalizadorWeb.csproj", "{047ED9A3-C034-4BB3-84D0-C9229ACA2BA9}"
EndProject
Global
	GlobalSection(SolutionConfigurationPlatforms) = preSolution
		Debug|Any CPU = Debug|Any CPU
		Release|Any CPU = Release|Any CPU
	EndGlobalSection
	GlobalSection(ProjectConfigurationPlatforms) = postSolution
		{047ED9A3-C034-4BB3-84D0-C9229ACA2BA9}.Debug|Any CPU.ActiveCfg = Debug|Any CPU
		{047ED9A3-C034-4BB3-84D0-C9229ACA2BA9}.Debug|Any CPU.Build.0 = Debug|Any CPU
		{047ED9A3-C034-4BB3-84D0-C9229ACA2BA9}.Release|Any CPU.ActiveCfg = Release|Any CPU
		{047ED9A3-C034-4BB3-84D0-C9229ACA2BA9}.Release|Any CPU.Build.0 = Release|Any CPU
	EndGlobalSection
	GlobalSection(SolutionProperties) = preSolution
		HideSolutionNode = FALSE
	EndGlobalSection
	GlobalSection(ExtensibilityGlobals) = postSolution
		SolutionGuid = {EDCF20CF-9AC2-4BF3-AF63-7FD5FD026005}
	EndGlobalSection
EndGlobal
